
Microsoft Visual Studio Solution File, Format Version 12.00
# Visual Studio Version 17
VisualStudioVersion = 17.11.35303.130
MinimumVisualStudioVersion = 10.0.40219.1
Project("{9A19103F-16F7-4668-BE54-9A1E7A4F7556}") = "Week7_Sture", "Week7_Sture\Week7_Sture.csproj", "{A98D1E1C-5410-42EA-8354-EB15952C5C97}"
EndProject
Project("{FAE04EC0-301F-11D3-BF4B-00C04F79EFBC}") = "Function", "Function\Function.csproj", "{F5EC6B4E-F1D6-4C33-8877-39EE42FE5CCB}"
EndProject
Project("{FAE04EC0-301F-11D3-BF4B-00C04F79EFBC}") = "ArgPar", "ArgPar\ArgPar.csproj", "{F87D4276-A9AA-4DCE-9D48-88734C61C0A6}"
EndProject
Project("{FAE04EC0-301F-11D3-BF4B-00C04F79EFBC}") = "Calc", "Calc\Calc.csproj", "{44F2B176-2688-4E56-ACEA-72E9D3719529}"
EndProject
Project("{FAE04EC0-301F-11D3-BF4B-00C04F79EFBC}") = "FuncReturn", "FuncReturn\FuncReturn.csproj", "{7A47B136-E9F8-42B3-8DB0-0FE394C20517}"
EndProject
Global
	GlobalSection(SolutionConfigurationPlatforms) = preSolution
		Debug|Any CPU = Debug|Any CPU
		Release|Any CPU = Release|Any CPU
	EndGlobalSection
	GlobalSection(ProjectConfigurationPlatforms) = postSolution
		{A98D1E1C-5410-42EA-8354-EB15952C5C97}.Debug|Any CPU.ActiveCfg = Debug|Any CPU
		{A98D1E1C-5410-42EA-8354-EB15952C5C97}.Debug|Any CPU.Build.0 = Debug|Any CPU
		{A98D1E1C-5410-42EA-8354-EB15952C5C97}.Release|Any CPU.ActiveCfg = Release|Any CPU
		{A98D1E1C-5410-42EA-8354-EB15952C5C97}.Release|Any CPU.Build.0 = Release|Any CPU
		{F5EC6B4E-F1D6-4C33-8877-39EE42FE5CCB}.Debug|Any CPU.ActiveCfg = Debug|Any CPU
		{F5EC6B4E-F1D6-4C33-8877-39EE42FE5CCB}.Debug|Any CPU.Build.0 = Debug|Any CPU
		{F5EC6B4E-F1D6-4C33-8877-39EE42FE5CCB}.Release|Any CPU.ActiveCfg = Release|Any CPU
		{F5EC6B4E-F1D6-4C33-8877-39EE42FE5CCB}.Release|Any CPU.Build.0 = Release|Any CPU
		{F87D4276-A9AA-4DCE-9D48-88734C61C0A6}.Debug|Any CPU.ActiveCfg = Debug|Any CPU
		{F87D4276-A9AA-4DCE-9D48-88734C61C0A6}.Debug|Any CPU.Build.0 = Debug|Any CPU
		{F87D4276-A9AA-4DCE-9D48-88734C61C0A6}.Release|Any CPU.ActiveCfg = Release|Any CPU
		{F87D4276-A9AA-4DCE-9D48-88734C61C0A6}.Release|Any CPU.Build.0 = Release|Any CPU
		{44F2B176-2688-4E56-ACEA-72E9D3719529}.Debug|Any CPU.ActiveCfg = Debug|Any CPU
		{44F2B176-2688-4E56-ACEA-72E9D3719529}.Debug|Any CPU.Build.0 = Debug|Any CPU
		{44F2B176-2688-4E56-ACEA-72E9D3719529}.Release|Any CPU.ActiveCfg = Release|Any CPU
		{44F2B176-2688-4E56-ACEA-72E9D3719529}.Release|Any CPU.Build.0 = Release|Any CPU
		{7A47B136-E9F8-42B3-8DB0-0FE394C20517}.Debug|Any CPU.ActiveCfg = Debug|Any CPU
		{7A47B136-E9F8-42B3-8DB0-0FE394C20517}.Debug|Any CPU.Build.0 = Debug|Any CPU
		{7A47B136-E9F8-42B3-8DB0-0FE394C20517}.Release|Any CPU.ActiveCfg = Release|Any CPU
		{7A47B136-E9F8-42B3-8DB0-0FE394C20517}.Release|Any CPU.Build.0 = Release|Any CPU
	EndGlobalSection
	GlobalSection(SolutionProperties) = preSolution
		HideSolutionNode = FALSE
	EndGlobalSection
	GlobalSection(ExtensibilityGlobals) = postSolution
		SolutionGuid = {0C6A5B7C-26EE-4120-B77D-AA6874BF463E}
	EndGlobalSection
EndGlobal
